// !$*UTF8*$!
{
	archiveVersion = 1;
	classes = {
	};
	objectVersion = 46;
	objects = {

/* Begin PBXBuildFile section */
		46502A3015E56BDD00B82F7C /* Cocoa.framework in Frameworks */ = {isa = PBXBuildFile; fileRef = 46502A2F15E56BDD00B82F7C /* Cocoa.framework */; };
		46502A3215E56BDD00B82F7C /* PreferencePanes.framework in Frameworks */ = {isa = PBXBuildFile; fileRef = 46502A3115E56BDD00B82F7C /* PreferencePanes.framework */; };
		46502A4C15E56D9500B82F7C /* XsnmpPrefPanePref.m in Sources */ = {isa = PBXBuildFile; fileRef = 46502A1915E56AC900B82F7C /* XsnmpPrefPanePref.m */; };
		46502A4D15E56D9800B82F7C /* XSSNMPConfigController.m in Sources */ = {isa = PBXBuildFile; fileRef = 46502A1C15E56AC900B82F7C /* XSSNMPConfigController.m */; };
		46502A5015E56E0600B82F7C /* InfoPlist.strings in Resources */ = {isa = PBXBuildFile; fileRef = 46502A0815E56AC900B82F7C /* InfoPlist.strings */; };
		46502A5115E56E1300B82F7C /* XsnmpPrefPanePref.xib in Resources */ = {isa = PBXBuildFile; fileRef = 46502A0A15E56AC900B82F7C /* XsnmpPrefPanePref.xib */; };
		46502A5215E56E1700B82F7C /* XsnmpPrefPanePref.tiff in Resources */ = {isa = PBXBuildFile; fileRef = 46502A1A15E56AC900B82F7C /* XsnmpPrefPanePref.tiff */; };
		46502A5315E56E2800B82F7C /* Icon.icns in Resources */ = {isa = PBXBuildFile; fileRef = 46502A0C15E56AC900B82F7C /* Icon.icns */; };
		46502A6215E56E9600B82F7C /* xsnmp_helpertool.c in Sources */ = {isa = PBXBuildFile; fileRef = 46502A1215E56AC900B82F7C /* xsnmp_helpertool.c */; };
		46502A6615E56F1600B82F7C /* XsnmpHelperTool in Resources */ = {isa = PBXBuildFile; fileRef = 46502A5815E56E5A00B82F7C /* XsnmpHelperTool */; };
		46502A6715E56F3400B82F7C /* disable_config_management.rb in Resources */ = {isa = PBXBuildFile; fileRef = 46502A0415E56AC900B82F7C /* disable_config_management.rb */; };
		46502A6815E56F3400B82F7C /* disable_xsnmp_agentx.rb in Resources */ = {isa = PBXBuildFile; fileRef = 46502A0515E56AC900B82F7C /* disable_xsnmp_agentx.rb */; };
		46502A6915E56F3400B82F7C /* enable_config_managenent.rb in Resources */ = {isa = PBXBuildFile; fileRef = 46502A0615E56AC900B82F7C /* enable_config_managenent.rb */; };
		46502A6A15E56F3400B82F7C /* enable_xsnmp_agentx.rb in Resources */ = {isa = PBXBuildFile; fileRef = 46502A0715E56AC900B82F7C /* enable_xsnmp_agentx.rb */; };
		46502A6B15E56F3400B82F7C /* update_config.rb in Resources */ = {isa = PBXBuildFile; fileRef = 46502A0E15E56AC900B82F7C /* update_config.rb */; };
		46502A6C15E56F3400B82F7C /* xsnmp_helper.rb in Resources */ = {isa = PBXBuildFile; fileRef = 46502A1115E56AC900B82F7C /* xsnmp_helper.rb */; };
		46502A7315E5731300B82F7C /* XSAuthenticatedCommand.m in Sources */ = {isa = PBXBuildFile; fileRef = 46502A1015E56AC900B82F7C /* XSAuthenticatedCommand.m */; };
		46502A7415E5733500B82F7C /* Security.framework in Frameworks */ = {isa = PBXBuildFile; fileRef = 46502A6D15E56FA800B82F7C /* Security.framework */; };
		CE4C0356162C971D00D47018 /* com.xsnmp.xsnmp-agentx.plist in Resources */ = {isa = PBXBuildFile; fileRef = CE4C0355162C971200D47018 /* com.xsnmp.xsnmp-agentx.plist */; };
		CE86E655162C7C710060B6E4 /* command.c in Sources */ = {isa = PBXBuildFile; fileRef = 465029A915E5614100B82F7C /* command.c */; };
		CE86E656162C7C750060B6E4 /* fsTable.c in Sources */ = {isa = PBXBuildFile; fileRef = 465029AC15E5614100B82F7C /* fsTable.c */; };
		CE86E657162C7C780060B6E4 /* log.c in Sources */ = {isa = PBXBuildFile; fileRef = 465029AE15E5614100B82F7C /* log.c */; };
		CE86E658162C7C7B0060B6E4 /* main.c in Sources */ = {isa = PBXBuildFile; fileRef = 465029B015E5614100B82F7C /* main.c */; };
		CE86E659162C7C7E0060B6E4 /* raidDriveTable.c in Sources */ = {isa = PBXBuildFile; fileRef = 465029B315E5614100B82F7C /* raidDriveTable.c */; };
		CE86E65A162C7C820060B6E4 /* raidInfo.c in Sources */ = {isa = PBXBuildFile; fileRef = 465029B515E5614100B82F7C /* raidInfo.c */; };
		CE86E65B162C7C860060B6E4 /* raidSetTable.c in Sources */ = {isa = PBXBuildFile; fileRef = 465029B715E5614100B82F7C /* raidSetTable.c */; };
		CE86E65C162C7C8A0060B6E4 /* raidVolumeTable.c in Sources */ = {isa = PBXBuildFile; fileRef = 465029B915E5614100B82F7C /* raidVolumeTable.c */; };
		CE86E65D162C7C8C0060B6E4 /* ram.c in Sources */ = {isa = PBXBuildFile; fileRef = 465029BB15E5614100B82F7C /* ram.c */; };
		CE86E65E162C7C8F0060B6E4 /* util.c in Sources */ = {isa = PBXBuildFile; fileRef = 465029BD15E5614100B82F7C /* util.c */; };
		CE86E65F162C7C920060B6E4 /* xsanAffinityTable.c in Sources */ = {isa = PBXBuildFile; fileRef = 465029BF15E5614100B82F7C /* xsanAffinityTable.c */; };
		CE86E660162C7C940060B6E4 /* xsanNodeTable.c in Sources */ = {isa = PBXBuildFile; fileRef = 465029C115E5614100B82F7C /* xsanNodeTable.c */; };
		CE86E661162C7C970060B6E4 /* xsanStripeGroupTable.c in Sources */ = {isa = PBXBuildFile; fileRef = 465029C315E5614100B82F7C /* xsanStripeGroupTable.c */; };
		CE86E662162C7C9A0060B6E4 /* xsanVolumeTable.c in Sources */ = {isa = PBXBuildFile; fileRef = 465029C515E5614100B82F7C /* xsanVolumeTable.c */; };
		CE86E663162C7C9D0060B6E4 /* xsnmpInternal.c in Sources */ = {isa = PBXBuildFile; fileRef = 465029C715E5614100B82F7C /* xsnmpInternal.c */; };
		CE86E665162C7D3C0060B6E4 /* libnetsnmp.dylib in Frameworks */ = {isa = PBXBuildFile; fileRef = 465029E815E5631300B82F7C /* libnetsnmp.dylib */; };
		CE86E666162C7D3C0060B6E4 /* libnetsnmpagent.dylib in Frameworks */ = {isa = PBXBuildFile; fileRef = 465029E615E5630300B82F7C /* libnetsnmpagent.dylib */; };
/* End PBXBuildFile section */

/* Begin PBXContainerItemProxy section */
		46502A6415E56F0600B82F7C /* PBXContainerItemProxy */ = {
			isa = PBXContainerItemProxy;
			containerPortal = 4650298D15E560EA00B82F7C /* Project object */;
			proxyType = 1;
			remoteGlobalIDString = 46502A5715E56E5A00B82F7C;
			remoteInfo = XsnmpHelperTool;
		};
		CE4C034E162C8E5F00D47018 /* PBXContainerItemProxy */ = {
			isa = PBXContainerItemProxy;
			containerPortal = 4650298D15E560EA00B82F7C /* Project object */;
			proxyType = 1;
			remoteGlobalIDString = 46502A2C15E56BDD00B82F7C;
			remoteInfo = "Xsnmp Preferences";
		};
/* End PBXContainerItemProxy section */

/* Begin PBXFileReference section */
		465029A915E5614100B82F7C /* command.c */ = {isa = PBXFileReference; fileEncoding = 4; lastKnownFileType = sourcecode.c.c; path = command.c; sourceTree = "<group>"; };
		465029AA15E5614100B82F7C /* command.h */ = {isa = PBXFileReference; fileEncoding = 4; lastKnownFileType = sourcecode.c.h; path = command.h; sourceTree = "<group>"; };
		465029AB15E5614100B82F7C /* config.h.in */ = {isa = PBXFileReference; fileEncoding = 4; lastKnownFileType = text; path = config.h.in; sourceTree = "<group>"; };
		465029AC15E5614100B82F7C /* fsTable.c */ = {isa = PBXFileReference; fileEncoding = 4; lastKnownFileType = sourcecode.c.c; path = fsTable.c; sourceTree = "<group>"; };
		465029AD15E5614100B82F7C /* fsTable.h */ = {isa = PBXFileReference; fileEncoding = 4; lastKnownFileType = sourcecode.c.h; path = fsTable.h; sourceTree = "<group>"; };
		465029AE15E5614100B82F7C /* log.c */ = {isa = PBXFileReference; fileEncoding = 4; lastKnownFileType = sourcecode.c.c; path = log.c; sourceTree = "<group>"; };
		465029AF15E5614100B82F7C /* log.h */ = {isa = PBXFileReference; fileEncoding = 4; lastKnownFileType = sourcecode.c.h; path = log.h; sourceTree = "<group>"; };
		465029B015E5614100B82F7C /* main.c */ = {isa = PBXFileReference; fileEncoding = 4; lastKnownFileType = sourcecode.c.c; path = main.c; sourceTree = "<group>"; };
		465029B115E5614100B82F7C /* main.h */ = {isa = PBXFileReference; fileEncoding = 4; lastKnownFileType = sourcecode.c.h; path = main.h; sourceTree = "<group>"; };
		465029B215E5614100B82F7C /* Makefile.am */ = {isa = PBXFileReference; fileEncoding = 4; lastKnownFileType = text; path = Makefile.am; sourceTree = "<group>"; };
		465029B315E5614100B82F7C /* raidDriveTable.c */ = {isa = PBXFileReference; fileEncoding = 4; lastKnownFileType = sourcecode.c.c; path = raidDriveTable.c; sourceTree = "<group>"; };
		465029B415E5614100B82F7C /* raidDriveTable.h */ = {isa = PBXFileReference; fileEncoding = 4; lastKnownFileType = sourcecode.c.h; path = raidDriveTable.h; sourceTree = "<group>"; };
		465029B515E5614100B82F7C /* raidInfo.c */ = {isa = PBXFileReference; fileEncoding = 4; lastKnownFileType = sourcecode.c.c; path = raidInfo.c; sourceTree = "<group>"; };
		465029B615E5614100B82F7C /* raidInfo.h */ = {isa = PBXFileReference; fileEncoding = 4; lastKnownFileType = sourcecode.c.h; path = raidInfo.h; sourceTree = "<group>"; };
		465029B715E5614100B82F7C /* raidSetTable.c */ = {isa = PBXFileReference; fileEncoding = 4; lastKnownFileType = sourcecode.c.c; path = raidSetTable.c; sourceTree = "<group>"; };
		465029B815E5614100B82F7C /* raidSetTable.h */ = {isa = PBXFileReference; fileEncoding = 4; lastKnownFileType = sourcecode.c.h; path = raidSetTable.h; sourceTree = "<group>"; };
		465029B915E5614100B82F7C /* raidVolumeTable.c */ = {isa = PBXFileReference; fileEncoding = 4; lastKnownFileType = sourcecode.c.c; path = raidVolumeTable.c; sourceTree = "<group>"; };
		465029BA15E5614100B82F7C /* raidVolumeTable.h */ = {isa = PBXFileReference; fileEncoding = 4; lastKnownFileType = sourcecode.c.h; path = raidVolumeTable.h; sourceTree = "<group>"; };
		465029BB15E5614100B82F7C /* ram.c */ = {isa = PBXFileReference; fileEncoding = 4; lastKnownFileType = sourcecode.c.c; path = ram.c; sourceTree = "<group>"; };
		465029BC15E5614100B82F7C /* ram.h */ = {isa = PBXFileReference; fileEncoding = 4; lastKnownFileType = sourcecode.c.h; path = ram.h; sourceTree = "<group>"; };
		465029BD15E5614100B82F7C /* util.c */ = {isa = PBXFileReference; fileEncoding = 4; lastKnownFileType = sourcecode.c.c; path = util.c; sourceTree = "<group>"; };
		465029BE15E5614100B82F7C /* util.h */ = {isa = PBXFileReference; fileEncoding = 4; lastKnownFileType = sourcecode.c.h; path = util.h; sourceTree = "<group>"; };
		465029BF15E5614100B82F7C /* xsanAffinityTable.c */ = {isa = PBXFileReference; fileEncoding = 4; lastKnownFileType = sourcecode.c.c; path = xsanAffinityTable.c; sourceTree = "<group>"; };
		465029C015E5614100B82F7C /* xsanAffinityTable.h */ = {isa = PBXFileReference; fileEncoding = 4; lastKnownFileType = sourcecode.c.h; path = xsanAffinityTable.h; sourceTree = "<group>"; };
		465029C115E5614100B82F7C /* xsanNodeTable.c */ = {isa = PBXFileReference; fileEncoding = 4; lastKnownFileType = sourcecode.c.c; path = xsanNodeTable.c; sourceTree = "<group>"; };
		465029C215E5614100B82F7C /* xsanNodeTable.h */ = {isa = PBXFileReference; fileEncoding = 4; lastKnownFileType = sourcecode.c.h; path = xsanNodeTable.h; sourceTree = "<group>"; };
		465029C315E5614100B82F7C /* xsanStripeGroupTable.c */ = {isa = PBXFileReference; fileEncoding = 4; lastKnownFileType = sourcecode.c.c; path = xsanStripeGroupTable.c; sourceTree = "<group>"; };
		465029C415E5614100B82F7C /* xsanStripeGroupTable.h */ = {isa = PBXFileReference; fileEncoding = 4; lastKnownFileType = sourcecode.c.h; path = xsanStripeGroupTable.h; sourceTree = "<group>"; };
		465029C515E5614100B82F7C /* xsanVolumeTable.c */ = {isa = PBXFileReference; fileEncoding = 4; lastKnownFileType = sourcecode.c.c; path = xsanVolumeTable.c; sourceTree = "<group>"; };
		465029C615E5614100B82F7C /* xsanVolumeTable.h */ = {isa = PBXFileReference; fileEncoding = 4; lastKnownFileType = sourcecode.c.h; path = xsanVolumeTable.h; sourceTree = "<group>"; };
		465029C715E5614100B82F7C /* xsnmpInternal.c */ = {isa = PBXFileReference; fileEncoding = 4; lastKnownFileType = sourcecode.c.c; path = xsnmpInternal.c; sourceTree = "<group>"; };
		465029C815E5614100B82F7C /* xsnmpInternal.h */ = {isa = PBXFileReference; fileEncoding = 4; lastKnownFileType = sourcecode.c.h; path = xsnmpInternal.h; sourceTree = "<group>"; };
		465029E615E5630300B82F7C /* libnetsnmpagent.dylib */ = {isa = PBXFileReference; lastKnownFileType = "compiled.mach-o.dylib"; name = libnetsnmpagent.dylib; path = usr/lib/libnetsnmpagent.dylib; sourceTree = SDKROOT; };
		465029E815E5631300B82F7C /* libnetsnmp.dylib */ = {isa = PBXFileReference; lastKnownFileType = "compiled.mach-o.dylib"; name = libnetsnmp.dylib; path = usr/lib/libnetsnmp.dylib; sourceTree = SDKROOT; };
		46502A0415E56AC900B82F7C /* disable_config_management.rb */ = {isa = PBXFileReference; lastKnownFileType = text.script.ruby; path = disable_config_management.rb; sourceTree = "<group>"; };
		46502A0515E56AC900B82F7C /* disable_xsnmp_agentx.rb */ = {isa = PBXFileReference; lastKnownFileType = text.script.ruby; path = disable_xsnmp_agentx.rb; sourceTree = "<group>"; };
		46502A0615E56AC900B82F7C /* enable_config_managenent.rb */ = {isa = PBXFileReference; lastKnownFileType = text.script.ruby; path = enable_config_managenent.rb; sourceTree = "<group>"; };
		46502A0715E56AC900B82F7C /* enable_xsnmp_agentx.rb */ = {isa = PBXFileReference; lastKnownFileType = text.script.ruby; path = enable_xsnmp_agentx.rb; sourceTree = "<group>"; };
		46502A0915E56AC900B82F7C /* English */ = {isa = PBXFileReference; lastKnownFileType = text.plist.strings; name = English; path = English.lproj/InfoPlist.strings; sourceTree = "<group>"; };
		46502A0B15E56AC900B82F7C /* English */ = {isa = PBXFileReference; lastKnownFileType = file.xib; name = English; path = English.lproj/XsnmpPrefPanePref.xib; sourceTree = "<group>"; };
		46502A0C15E56AC900B82F7C /* Icon.icns */ = {isa = PBXFileReference; lastKnownFileType = image.icns; path = Icon.icns; sourceTree = "<group>"; };
		46502A0D15E56AC900B82F7C /* Info.plist */ = {isa = PBXFileReference; lastKnownFileType = text.plist.xml; path = Info.plist; sourceTree = "<group>"; };
		46502A0E15E56AC900B82F7C /* update_config.rb */ = {isa = PBXFileReference; lastKnownFileType = text.script.ruby; path = update_config.rb; sourceTree = "<group>"; };
		46502A0F15E56AC900B82F7C /* XSAuthenticatedCommand.h */ = {isa = PBXFileReference; lastKnownFileType = sourcecode.c.h; path = XSAuthenticatedCommand.h; sourceTree = "<group>"; };
		46502A1015E56AC900B82F7C /* XSAuthenticatedCommand.m */ = {isa = PBXFileReference; lastKnownFileType = sourcecode.c.objc; path = XSAuthenticatedCommand.m; sourceTree = "<group>"; };
		46502A1115E56AC900B82F7C /* xsnmp_helper.rb */ = {isa = PBXFileReference; lastKnownFileType = text.script.ruby; path = xsnmp_helper.rb; sourceTree = "<group>"; };
		46502A1215E56AC900B82F7C /* xsnmp_helpertool.c */ = {isa = PBXFileReference; lastKnownFileType = sourcecode.c.c; path = xsnmp_helpertool.c; sourceTree = "<group>"; };
		46502A1315E56AC900B82F7C /* xsnmp_helpertool.h */ = {isa = PBXFileReference; lastKnownFileType = sourcecode.c.h; path = xsnmp_helpertool.h; sourceTree = "<group>"; };
		46502A1715E56AC900B82F7C /* XsnmpPrefPane_Prefix.pch */ = {isa = PBXFileReference; lastKnownFileType = sourcecode.c.h; path = XsnmpPrefPane_Prefix.pch; sourceTree = "<group>"; };
		46502A1815E56AC900B82F7C /* XsnmpPrefPanePref.h */ = {isa = PBXFileReference; lastKnownFileType = sourcecode.c.h; path = XsnmpPrefPanePref.h; sourceTree = "<group>"; };
		46502A1915E56AC900B82F7C /* XsnmpPrefPanePref.m */ = {isa = PBXFileReference; lastKnownFileType = sourcecode.c.objc; path = XsnmpPrefPanePref.m; sourceTree = "<group>"; };
		46502A1A15E56AC900B82F7C /* XsnmpPrefPanePref.tiff */ = {isa = PBXFileReference; lastKnownFileType = image.tiff; path = XsnmpPrefPanePref.tiff; sourceTree = "<group>"; };
		46502A1B15E56AC900B82F7C /* XSSNMPConfigController.h */ = {isa = PBXFileReference; lastKnownFileType = sourcecode.c.h; path = XSSNMPConfigController.h; sourceTree = "<group>"; };
		46502A1C15E56AC900B82F7C /* XSSNMPConfigController.m */ = {isa = PBXFileReference; lastKnownFileType = sourcecode.c.objc; path = XSSNMPConfigController.m; sourceTree = "<group>"; };
		46502A2D15E56BDD00B82F7C /* Xsnmp Preferences.prefPane */ = {isa = PBXFileReference; explicitFileType = wrapper.cfbundle; includeInIndex = 0; name = "Xsnmp Preferences.prefPane"; path = XsnmpPreferences.prefPane; sourceTree = BUILT_PRODUCTS_DIR; };
		46502A2F15E56BDD00B82F7C /* Cocoa.framework */ = {isa = PBXFileReference; lastKnownFileType = wrapper.framework; name = Cocoa.framework; path = System/Library/Frameworks/Cocoa.framework; sourceTree = SDKROOT; };
		46502A3115E56BDD00B82F7C /* PreferencePanes.framework */ = {isa = PBXFileReference; lastKnownFileType = wrapper.framework; name = PreferencePanes.framework; path = System/Library/Frameworks/PreferencePanes.framework; sourceTree = SDKROOT; };
		46502A5815E56E5A00B82F7C /* XsnmpHelperTool */ = {isa = PBXFileReference; explicitFileType = "compiled.mach-o.executable"; includeInIndex = 0; path = XsnmpHelperTool; sourceTree = BUILT_PRODUCTS_DIR; };
		46502A6D15E56FA800B82F7C /* Security.framework */ = {isa = PBXFileReference; lastKnownFileType = wrapper.framework; name = Security.framework; path = System/Library/Frameworks/Security.framework; sourceTree = SDKROOT; };
		CE4C0355162C971200D47018 /* com.xsnmp.xsnmp-agentx.plist */ = {isa = PBXFileReference; lastKnownFileType = text.plist.xml; path = "com.xsnmp.xsnmp-agentx.plist"; sourceTree = "<group>"; };
		CE86E638162C7C150060B6E4 /* XsnmpAgentExtension.app */ = {isa = PBXFileReference; explicitFileType = wrapper.application; includeInIndex = 0; path = XsnmpAgentExtension.app; sourceTree = BUILT_PRODUCTS_DIR; };
/* End PBXFileReference section */

/* Begin PBXFrameworksBuildPhase section */
		46502A2815E56BDD00B82F7C /* Frameworks */ = {
			isa = PBXFrameworksBuildPhase;
			buildActionMask = 2147483647;
			files = (
				46502A7415E5733500B82F7C /* Security.framework in Frameworks */,
				46502A3015E56BDD00B82F7C /* Cocoa.framework in Frameworks */,
				46502A3215E56BDD00B82F7C /* PreferencePanes.framework in Frameworks */,
			);
			runOnlyForDeploymentPostprocessing = 0;
		};
		46502A5515E56E5A00B82F7C /* Frameworks */ = {
			isa = PBXFrameworksBuildPhase;
			buildActionMask = 2147483647;
			files = (
			);
			runOnlyForDeploymentPostprocessing = 0;
		};
		CE86E635162C7C150060B6E4 /* Frameworks */ = {
			isa = PBXFrameworksBuildPhase;
			buildActionMask = 2147483647;
			files = (
				CE86E665162C7D3C0060B6E4 /* libnetsnmp.dylib in Frameworks */,
				CE86E666162C7D3C0060B6E4 /* libnetsnmpagent.dylib in Frameworks */,
			);
			runOnlyForDeploymentPostprocessing = 0;
		};
/* End PBXFrameworksBuildPhase section */

/* Begin PBXGroup section */
		4650298B15E560EA00B82F7C = {
			isa = PBXGroup;
			children = (
				465029F215E56AC900B82F7C /* Preferences Pane */,
				465029A815E5614100B82F7C /* XsnmpAgentExtension */,
				46502A2615E56AE800B82F7C /* Libraries and Frameworks */,
				4650299715E560EA00B82F7C /* Products */,
			);
			sourceTree = "<group>";
		};
		4650299715E560EA00B82F7C /* Products */ = {
			isa = PBXGroup;
			children = (
				46502A2D15E56BDD00B82F7C /* Xsnmp Preferences.prefPane */,
				46502A5815E56E5A00B82F7C /* XsnmpHelperTool */,
				CE86E638162C7C150060B6E4 /* XsnmpAgentExtension.app */,
			);
			name = Products;
			sourceTree = "<group>";
		};
		465029A815E5614100B82F7C /* XsnmpAgentExtension */ = {
			isa = PBXGroup;
			children = (
				CE4C0354162C971200D47018 /* launchd */,
				465029A915E5614100B82F7C /* command.c */,
				465029AA15E5614100B82F7C /* command.h */,
				465029AB15E5614100B82F7C /* config.h.in */,
				465029AC15E5614100B82F7C /* fsTable.c */,
				465029AD15E5614100B82F7C /* fsTable.h */,
				465029AE15E5614100B82F7C /* log.c */,
				465029AF15E5614100B82F7C /* log.h */,
				465029B015E5614100B82F7C /* main.c */,
				465029B115E5614100B82F7C /* main.h */,
				465029B215E5614100B82F7C /* Makefile.am */,
				465029B315E5614100B82F7C /* raidDriveTable.c */,
				465029B415E5614100B82F7C /* raidDriveTable.h */,
				465029B515E5614100B82F7C /* raidInfo.c */,
				465029B615E5614100B82F7C /* raidInfo.h */,
				465029B715E5614100B82F7C /* raidSetTable.c */,
				465029B815E5614100B82F7C /* raidSetTable.h */,
				465029B915E5614100B82F7C /* raidVolumeTable.c */,
				465029BA15E5614100B82F7C /* raidVolumeTable.h */,
				465029BB15E5614100B82F7C /* ram.c */,
				465029BC15E5614100B82F7C /* ram.h */,
				465029BD15E5614100B82F7C /* util.c */,
				465029BE15E5614100B82F7C /* util.h */,
				465029BF15E5614100B82F7C /* xsanAffinityTable.c */,
				465029C015E5614100B82F7C /* xsanAffinityTable.h */,
				465029C115E5614100B82F7C /* xsanNodeTable.c */,
				465029C215E5614100B82F7C /* xsanNodeTable.h */,
				465029C315E5614100B82F7C /* xsanStripeGroupTable.c */,
				465029C415E5614100B82F7C /* xsanStripeGroupTable.h */,
				465029C515E5614100B82F7C /* xsanVolumeTable.c */,
				465029C615E5614100B82F7C /* xsanVolumeTable.h */,
				465029C715E5614100B82F7C /* xsnmpInternal.c */,
				465029C815E5614100B82F7C /* xsnmpInternal.h */,
			);
			name = XsnmpAgentExtension;
			path = src;
			sourceTree = "<group>";
		};
		465029F215E56AC900B82F7C /* Preferences Pane */ = {
			isa = PBXGroup;
			children = (
				46502A4F15E56DE000B82F7C /* Resources */,
				46502A4B15E56D5F00B82F7C /* Classes */,
				46502A4E15E56DC000B82F7C /* Other Sources */,
				46502A4915E56CC800B82F7C /* Helper Tool */,
			);
			name = "Preferences Pane";
			path = prefpane;
			sourceTree = "<group>";
		};
		46502A2615E56AE800B82F7C /* Libraries and Frameworks */ = {
			isa = PBXGroup;
			children = (
				46502A2F15E56BDD00B82F7C /* Cocoa.framework */,
				46502A3115E56BDD00B82F7C /* PreferencePanes.framework */,
				46502A6D15E56FA800B82F7C /* Security.framework */,
				465029E815E5631300B82F7C /* libnetsnmp.dylib */,
				465029E615E5630300B82F7C /* libnetsnmpagent.dylib */,
			);
			name = "Libraries and Frameworks";
			sourceTree = "<group>";
		};
		46502A4915E56CC800B82F7C /* Helper Tool */ = {
			isa = PBXGroup;
			children = (
				46502A4A15E56CE100B82F7C /* Scripts */,
				46502A1215E56AC900B82F7C /* xsnmp_helpertool.c */,
				46502A1315E56AC900B82F7C /* xsnmp_helpertool.h */,
				46502A0F15E56AC900B82F7C /* XSAuthenticatedCommand.h */,
				46502A1015E56AC900B82F7C /* XSAuthenticatedCommand.m */,
			);
			name = "Helper Tool";
			sourceTree = "<group>";
		};
		46502A4A15E56CE100B82F7C /* Scripts */ = {
			isa = PBXGroup;
			children = (
				46502A0415E56AC900B82F7C /* disable_config_management.rb */,
				46502A0515E56AC900B82F7C /* disable_xsnmp_agentx.rb */,
				46502A0615E56AC900B82F7C /* enable_config_managenent.rb */,
				46502A0715E56AC900B82F7C /* enable_xsnmp_agentx.rb */,
				46502A0E15E56AC900B82F7C /* update_config.rb */,
				46502A1115E56AC900B82F7C /* xsnmp_helper.rb */,
			);
			name = Scripts;
			sourceTree = "<group>";
		};
		46502A4B15E56D5F00B82F7C /* Classes */ = {
			isa = PBXGroup;
			children = (
				46502A1815E56AC900B82F7C /* XsnmpPrefPanePref.h */,
				46502A1915E56AC900B82F7C /* XsnmpPrefPanePref.m */,
				46502A1B15E56AC900B82F7C /* XSSNMPConfigController.h */,
				46502A1C15E56AC900B82F7C /* XSSNMPConfigController.m */,
			);
			name = Classes;
			sourceTree = "<group>";
		};
		46502A4E15E56DC000B82F7C /* Other Sources */ = {
			isa = PBXGroup;
			children = (
				46502A1715E56AC900B82F7C /* XsnmpPrefPane_Prefix.pch */,
			);
			name = "Other Sources";
			sourceTree = "<group>";
		};
		46502A4F15E56DE000B82F7C /* Resources */ = {
			isa = PBXGroup;
			children = (
				46502A0815E56AC900B82F7C /* InfoPlist.strings */,
				46502A0A15E56AC900B82F7C /* XsnmpPrefPanePref.xib */,
				46502A1A15E56AC900B82F7C /* XsnmpPrefPanePref.tiff */,
				46502A0C15E56AC900B82F7C /* Icon.icns */,
				46502A0D15E56AC900B82F7C /* Info.plist */,
			);
			name = Resources;
			sourceTree = "<group>";
		};
		CE4C0354162C971200D47018 /* launchd */ = {
			isa = PBXGroup;
			children = (
				CE4C0355162C971200D47018 /* com.xsnmp.xsnmp-agentx.plist */,
			);
			path = launchd;
			sourceTree = SOURCE_ROOT;
		};
/* End PBXGroup section */

/* Begin PBXHeadersBuildPhase section */
		46502A2915E56BDD00B82F7C /* Headers */ = {
			isa = PBXHeadersBuildPhase;
			buildActionMask = 2147483647;
			files = (
			);
			runOnlyForDeploymentPostprocessing = 0;
		};
/* End PBXHeadersBuildPhase section */

/* Begin PBXNativeTarget section */
		46502A2C15E56BDD00B82F7C /* XsnmpPreferences */ = {
			isa = PBXNativeTarget;
			buildConfigurationList = 46502A4615E56BDD00B82F7C /* Build configuration list for PBXNativeTarget "XsnmpPreferences" */;
			buildPhases = (
				46502A2715E56BDD00B82F7C /* Sources */,
				46502A2815E56BDD00B82F7C /* Frameworks */,
				46502A2915E56BDD00B82F7C /* Headers */,
				46502A2A15E56BDD00B82F7C /* Resources */,
				46502A2B15E56BDD00B82F7C /* Rez */,
			);
			buildRules = (
			);
			dependencies = (
				46502A6515E56F0600B82F7C /* PBXTargetDependency */,
			);
			name = XsnmpPreferences;
			productName = "Xsnmp Preferences";
			productReference = 46502A2D15E56BDD00B82F7C /* Xsnmp Preferences.prefPane */;
			productType = "com.apple.product-type.bundle";
		};
		46502A5715E56E5A00B82F7C /* XsnmpHelperTool */ = {
			isa = PBXNativeTarget;
			buildConfigurationList = 46502A5F15E56E5A00B82F7C /* Build configuration list for PBXNativeTarget "XsnmpHelperTool" */;
			buildPhases = (
				46502A5415E56E5A00B82F7C /* Sources */,
				46502A5515E56E5A00B82F7C /* Frameworks */,
			);
			buildRules = (
			);
			dependencies = (
			);
			name = XsnmpHelperTool;
			productName = XsnmpHelperTool;
			productReference = 46502A5815E56E5A00B82F7C /* XsnmpHelperTool */;
			productType = "com.apple.product-type.tool";
		};
		CE86E637162C7C150060B6E4 /* XsnmpAgentExtension */ = {
			isa = PBXNativeTarget;
			buildConfigurationList = CE86E652162C7C150060B6E4 /* Build configuration list for PBXNativeTarget "XsnmpAgentExtension" */;
			buildPhases = (
				CE86E634162C7C150060B6E4 /* Sources */,
				CE86E635162C7C150060B6E4 /* Frameworks */,
				CE86E636162C7C150060B6E4 /* Resources */,
				CE4C0350162C8E6700D47018 /* Build Package */,
			);
			buildRules = (
			);
			dependencies = (
				CE4C034F162C8E5F00D47018 /* PBXTargetDependency */,
			);
			name = XsnmpAgentExtension;
			productName = XsnmpAgentExtension;
			productReference = CE86E638162C7C150060B6E4 /* XsnmpAgentExtension.app */;
			productType = "com.apple.product-type.application";
		};
/* End PBXNativeTarget section */

/* Begin PBXProject section */
		4650298D15E560EA00B82F7C /* Project object */ = {
			isa = PBXProject;
			attributes = {
				LastUpgradeCheck = 0440;
				ORGANIZATIONNAME = "Gregor Jasny";
			};
			buildConfigurationList = 4650299015E560EA00B82F7C /* Build configuration list for PBXProject "Xsnmp" */;
			compatibilityVersion = "Xcode 3.2";
			developmentRegion = English;
			hasScannedForEncodings = 0;
			knownRegions = (
				en,
				English,
			);
			mainGroup = 4650298B15E560EA00B82F7C;
			productRefGroup = 4650299715E560EA00B82F7C /* Products */;
			projectDirPath = "";
			projectRoot = "";
			targets = (
				46502A5715E56E5A00B82F7C /* XsnmpHelperTool */,
				46502A2C15E56BDD00B82F7C /* XsnmpPreferences */,
				CE86E637162C7C150060B6E4 /* XsnmpAgentExtension */,
			);
		};
/* End PBXProject section */

/* Begin PBXResourcesBuildPhase section */
		46502A2A15E56BDD00B82F7C /* Resources */ = {
			isa = PBXResourcesBuildPhase;
			buildActionMask = 2147483647;
			files = (
				46502A6715E56F3400B82F7C /* disable_config_management.rb in Resources */,
				46502A6815E56F3400B82F7C /* disable_xsnmp_agentx.rb in Resources */,
				46502A6915E56F3400B82F7C /* enable_config_managenent.rb in Resources */,
				46502A6A15E56F3400B82F7C /* enable_xsnmp_agentx.rb in Resources */,
				46502A6B15E56F3400B82F7C /* update_config.rb in Resources */,
				46502A6C15E56F3400B82F7C /* xsnmp_helper.rb in Resources */,
				46502A6615E56F1600B82F7C /* XsnmpHelperTool in Resources */,
				46502A5015E56E0600B82F7C /* InfoPlist.strings in Resources */,
				46502A5115E56E1300B82F7C /* XsnmpPrefPanePref.xib in Resources */,
				46502A5215E56E1700B82F7C /* XsnmpPrefPanePref.tiff in Resources */,
				46502A5315E56E2800B82F7C /* Icon.icns in Resources */,
			);
			runOnlyForDeploymentPostprocessing = 0;
		};
		CE86E636162C7C150060B6E4 /* Resources */ = {
			isa = PBXResourcesBuildPhase;
			buildActionMask = 2147483647;
			files = (
				CE4C0356162C971D00D47018 /* com.xsnmp.xsnmp-agentx.plist in Resources */,
			);
			runOnlyForDeploymentPostprocessing = 0;
		};
/* End PBXResourcesBuildPhase section */

/* Begin PBXRezBuildPhase section */
		46502A2B15E56BDD00B82F7C /* Rez */ = {
			isa = PBXRezBuildPhase;
			buildActionMask = 2147483647;
			files = (
			);
			runOnlyForDeploymentPostprocessing = 0;
		};
/* End PBXRezBuildPhase section */

/* Begin PBXShellScriptBuildPhase section */
		CE4C0350162C8E6700D47018 /* Build Package */ = {
			isa = PBXShellScriptBuildPhase;
			buildActionMask = 8;
			files = (
			);
			inputPaths = (
			);
			name = "Build Package";
			outputPaths = (
				"$(BUILT_PRODUCTS_DIR)/Xsnmp-$(CURRENT_PROJECT_VERSION).pkg",
			);
			runOnlyForDeploymentPostprocessing = 1;
			shellPath = /bin/sh;
			shellScript = "pkgbuild --root \"${INSTALL_ROOT}\" \\\n    --identifier \"com.xsnmp.pkg\" \\\n    --version \"${CURRENT_PROJECT_VERSION}\" \\\n    --install-location \"/\" \\\n    --scripts \"Package/scripts\" \\\n    \"${BUILT_PRODUCTS_DIR}/XsnmpPackage.pkg\"\n\nproductbuild --distribution \"Package/Distribution.xml\"  \\\n    --package-path \"${BUILT_PRODUCTS_DIR}\" \\\n    \"${BUILT_PRODUCTS_DIR}/Xsnmp.pkg\"";
		};
/* End PBXShellScriptBuildPhase section */

/* Begin PBXSourcesBuildPhase section */
		46502A2715E56BDD00B82F7C /* Sources */ = {
			isa = PBXSourcesBuildPhase;
			buildActionMask = 2147483647;
			files = (
				46502A4C15E56D9500B82F7C /* XsnmpPrefPanePref.m in Sources */,
				46502A4D15E56D9800B82F7C /* XSSNMPConfigController.m in Sources */,
				46502A7315E5731300B82F7C /* XSAuthenticatedCommand.m in Sources */,
			);
			runOnlyForDeploymentPostprocessing = 0;
		};
		46502A5415E56E5A00B82F7C /* Sources */ = {
			isa = PBXSourcesBuildPhase;
			buildActionMask = 2147483647;
			files = (
				46502A6215E56E9600B82F7C /* xsnmp_helpertool.c in Sources */,
			);
			runOnlyForDeploymentPostprocessing = 0;
		};
		CE86E634162C7C150060B6E4 /* Sources */ = {
			isa = PBXSourcesBuildPhase;
			buildActionMask = 2147483647;
			files = (
				CE86E655162C7C710060B6E4 /* command.c in Sources */,
				CE86E656162C7C750060B6E4 /* fsTable.c in Sources */,
				CE86E657162C7C780060B6E4 /* log.c in Sources */,
				CE86E658162C7C7B0060B6E4 /* main.c in Sources */,
				CE86E659162C7C7E0060B6E4 /* raidDriveTable.c in Sources */,
				CE86E65A162C7C820060B6E4 /* raidInfo.c in Sources */,
				CE86E65B162C7C860060B6E4 /* raidSetTable.c in Sources */,
				CE86E65C162C7C8A0060B6E4 /* raidVolumeTable.c in Sources */,
				CE86E65D162C7C8C0060B6E4 /* ram.c in Sources */,
				CE86E65E162C7C8F0060B6E4 /* util.c in Sources */,
				CE86E65F162C7C920060B6E4 /* xsanAffinityTable.c in Sources */,
				CE86E660162C7C940060B6E4 /* xsanNodeTable.c in Sources */,
				CE86E661162C7C970060B6E4 /* xsanStripeGroupTable.c in Sources */,
				CE86E662162C7C9A0060B6E4 /* xsanVolumeTable.c in Sources */,
				CE86E663162C7C9D0060B6E4 /* xsnmpInternal.c in Sources */,
			);
			runOnlyForDeploymentPostprocessing = 0;
		};
/* End PBXSourcesBuildPhase section */

/* Begin PBXTargetDependency section */
		46502A6515E56F0600B82F7C /* PBXTargetDependency */ = {
			isa = PBXTargetDependency;
			target = 46502A5715E56E5A00B82F7C /* XsnmpHelperTool */;
			targetProxy = 46502A6415E56F0600B82F7C /* PBXContainerItemProxy */;
		};
		CE4C034F162C8E5F00D47018 /* PBXTargetDependency */ = {
			isa = PBXTargetDependency;
			target = 46502A2C15E56BDD00B82F7C /* XsnmpPreferences */;
			targetProxy = CE4C034E162C8E5F00D47018 /* PBXContainerItemProxy */;
		};
/* End PBXTargetDependency section */

/* Begin PBXVariantGroup section */
		46502A0815E56AC900B82F7C /* InfoPlist.strings */ = {
			isa = PBXVariantGroup;
			children = (
				46502A0915E56AC900B82F7C /* English */,
			);
			name = InfoPlist.strings;
			sourceTree = "<group>";
		};
		46502A0A15E56AC900B82F7C /* XsnmpPrefPanePref.xib */ = {
			isa = PBXVariantGroup;
			children = (
				46502A0B15E56AC900B82F7C /* English */,
			);
			name = XsnmpPrefPanePref.xib;
			sourceTree = "<group>";
		};
/* End PBXVariantGroup section */

/* Begin XCBuildConfiguration section */
		4650299E15E560EB00B82F7C /* Debug */ = {
			isa = XCBuildConfiguration;
			buildSettings = {
				ALWAYS_SEARCH_USER_PATHS = NO;
				ARCHS = "$(NATIVE_ARCH_ACTUAL)";
				CLANG_WARN__DUPLICATE_METHOD_MATCH = YES;
				COPY_PHASE_STRIP = NO;
				CURRENT_PROJECT_VERSION = 1.0.3;
				GCC_C_LANGUAGE_STANDARD = gnu99;
				GCC_OPTIMIZATION_LEVEL = 0;
				GCC_PREPROCESSOR_DEFINITIONS = (
					"DEBUG=1",
					"$(inherited)",
				);
				GCC_WARN_ABOUT_RETURN_TYPE = YES;
				GCC_WARN_UNINITIALIZED_AUTOS = YES;
				GCC_WARN_UNUSED_VARIABLE = YES;
				PCRE_ROOT = /opt/local;
				SDKROOT = macosx;
			};
			name = Debug;
		};
		4650299F15E560EB00B82F7C /* Release */ = {
			isa = XCBuildConfiguration;
			buildSettings = {
				ALWAYS_SEARCH_USER_PATHS = NO;
				ARCHS = "$(NATIVE_ARCH_ACTUAL)";
				CLANG_WARN__DUPLICATE_METHOD_MATCH = YES;
				COPY_PHASE_STRIP = YES;
				CURRENT_PROJECT_VERSION = 1.0.3;
				DEBUG_INFORMATION_FORMAT = "dwarf-with-dsym";
				GCC_C_LANGUAGE_STANDARD = gnu99;
				GCC_WARN_ABOUT_RETURN_TYPE = YES;
				GCC_WARN_UNINITIALIZED_AUTOS = YES;
				GCC_WARN_UNUSED_VARIABLE = YES;
				PCRE_ROOT = /opt/local;
				SDKROOT = macosx;
			};
			name = Release;
		};
		46502A4715E56BDD00B82F7C /* Debug */ = {
			isa = XCBuildConfiguration;
			buildSettings = {
				COMBINE_HIDPI_IMAGES = YES;
				GCC_PRECOMPILE_PREFIX_HEADER = YES;
				GCC_PREFIX_HEADER = prefpane/XsnmpPrefPane_Prefix.pch;
				INFOPLIST_FILE = prefpane/Info.plist;
				INSTALL_PATH = /Library/PreferencePanes;
				PRODUCT_NAME = "$(TARGET_NAME)";
				WRAPPER_EXTENSION = prefPane;
			};
			name = Debug;
		};
		46502A4815E56BDD00B82F7C /* Release */ = {
			isa = XCBuildConfiguration;
			buildSettings = {
				COMBINE_HIDPI_IMAGES = YES;
				GCC_PRECOMPILE_PREFIX_HEADER = YES;
				GCC_PREFIX_HEADER = prefpane/XsnmpPrefPane_Prefix.pch;
				INFOPLIST_FILE = prefpane/Info.plist;
				INSTALL_PATH = /Library/PreferencePanes;
				PRODUCT_NAME = "$(TARGET_NAME)";
				WRAPPER_EXTENSION = prefPane;
			};
			name = Release;
		};
		46502A6015E56E5A00B82F7C /* Debug */ = {
			isa = XCBuildConfiguration;
			buildSettings = {
				PRODUCT_NAME = "$(TARGET_NAME)";
				SKIP_INSTALL = YES;
			};
			name = Debug;
		};
		46502A6115E56E5A00B82F7C /* Release */ = {
			isa = XCBuildConfiguration;
			buildSettings = {
				PRODUCT_NAME = "$(TARGET_NAME)";
				SKIP_INSTALL = YES;
			};
			name = Release;
		};
		CE86E653162C7C150060B6E4 /* Debug */ = {
			isa = XCBuildConfiguration;
			buildSettings = {
				COMBINE_HIDPI_IMAGES = YES;
				HEADER_SEARCH_PATHS = "$(PCRE_ROOT)/include";
				INFOPLIST_FILE = packaging/Info.plist;
				INSTALL_PATH = /Library/Xsnmp;
				OTHER_LDFLAGS = "$(PCRE_ROOT)/lib/libpcre.a";
				PRODUCT_NAME = "$(TARGET_NAME)";
				WRAPPER_EXTENSION = app;
			};
			name = Debug;
		};
		CE86E654162C7C150060B6E4 /* Release */ = {
			isa = XCBuildConfiguration;
			buildSettings = {
				COMBINE_HIDPI_IMAGES = YES;
				HEADER_SEARCH_PATHS = "$(PCRE_ROOT)/include";
				INFOPLIST_FILE = packaging/Info.plist;
				INSTALL_PATH = /Library/Xsnmp;
				OTHER_LDFLAGS = "$(PCRE_ROOT)/lib/libpcre.a";
				PRODUCT_NAME = "$(TARGET_NAME)";
				WRAPPER_EXTENSION = app;
			};
			name = Release;
		};
/* End XCBuildConfiguration section */

/* Begin XCConfigurationList section */
		4650299015E560EA00B82F7C /* Build configuration list for PBXProject "Xsnmp" */ = {
			isa = XCConfigurationList;
			buildConfigurations = (
				4650299E15E560EB00B82F7C /* Debug */,
				4650299F15E560EB00B82F7C /* Release */,
			);
			defaultConfigurationIsVisible = 0;
			defaultConfigurationName = Release;
		};
		46502A4615E56BDD00B82F7C /* Build configuration list for PBXNativeTarget "XsnmpPreferences" */ = {
			isa = XCConfigurationList;
			buildConfigurations = (
				46502A4715E56BDD00B82F7C /* Debug */,
				46502A4815E56BDD00B82F7C /* Release */,
			);
			defaultConfigurationIsVisible = 0;
			defaultConfigurationName = Release;
		};
		46502A5F15E56E5A00B82F7C /* Build configuration list for PBXNativeTarget "XsnmpHelperTool" */ = {
			isa = XCConfigurationList;
			buildConfigurations = (
				46502A6015E56E5A00B82F7C /* Debug */,
				46502A6115E56E5A00B82F7C /* Release */,
			);
			defaultConfigurationIsVisible = 0;
			defaultConfigurationName = Release;
		};
		CE86E652162C7C150060B6E4 /* Build configuration list for PBXNativeTarget "XsnmpAgentExtension" */ = {
			isa = XCConfigurationList;
			buildConfigurations = (
				CE86E653162C7C150060B6E4 /* Debug */,
				CE86E654162C7C150060B6E4 /* Release */,
			);
			defaultConfigurationIsVisible = 0;
			defaultConfigurationName = Release;
		};
/* End XCConfigurationList section */
	};
	rootObject = 4650298D15E560EA00B82F7C /* Project object */;
}
